// !$*UTF8*$!
{
	archiveVersion = 1;
	classes = {
	};
	objectVersion = 50;
	objects = {

/* Begin PBXBuildFile section */
		8D12A76B22FBB43B00EE24A9 /* GuideCollectionViewController.m in Sources */ = {isa = PBXBuildFile; fileRef = 8D12A76A22FBB43B00EE24A9 /* GuideCollectionViewController.m */; };
		8D12A76F22FBBC3300EE24A9 /* GuidCollectionViewCell.m in Sources */ = {isa = PBXBuildFile; fileRef = 8D12A76D22FBBC3300EE24A9 /* GuidCollectionViewCell.m */; };
		8D12A77022FBBC3300EE24A9 /* GuidCollectionViewCell.xib in Resources */ = {isa = PBXBuildFile; fileRef = 8D12A76E22FBBC3300EE24A9 /* GuidCollectionViewCell.xib */; };
		8D20AD6C23013D33004D6BA4 /* Home_menuView.m in Sources */ = {isa = PBXBuildFile; fileRef = 8D20AD6B23013D33004D6BA4 /* Home_menuView.m */; };
		8D20AD6E23013D9B004D6BA4 /* Home_menuView.xib in Resources */ = {isa = PBXBuildFile; fileRef = 8D20AD6D23013D9B004D6BA4 /* Home_menuView.xib */; };
		8D23662522FD031F0015FF47 /* CyclePicView.m in Sources */ = {isa = PBXBuildFile; fileRef = 8D23662422FD031F0015FF47 /* CyclePicView.m */; };
		8D23662722FD03450015FF47 /* CyclePicView.xib in Resources */ = {isa = PBXBuildFile; fileRef = 8D23662622FD03450015FF47 /* CyclePicView.xib */; };
		8D23662B22FD5D480015FF47 /* BannerDetailController.m in Sources */ = {isa = PBXBuildFile; fileRef = 8D23662A22FD5D480015FF47 /* BannerDetailController.m */; };
		8D23662E22FD73270015FF47 /* Const.m in Sources */ = {isa = PBXBuildFile; fileRef = 8D23662D22FD73270015FF47 /* Const.m */; };
		8D23F83A22F4288C00984FF1 /* Assets.xcassets in Resources */ = {isa = PBXBuildFile; fileRef = 8D23F83922F4288C00984FF1 /* Assets.xcassets */; };
		8D316FD222F9723B001F49A1 /* NetWorkTool.m in Sources */ = {isa = PBXBuildFile; fileRef = 8D316FD122F9723B001F49A1 /* NetWorkTool.m */; };
		8D653B2623C7058100525526 /* Draw.xib in Resources */ = {isa = PBXBuildFile; fileRef = 8D653B2523C7058100525526 /* Draw.xib */; };
		8D653B2923C7058A00525526 /* Draw.m in Sources */ = {isa = PBXBuildFile; fileRef = 8D653B2823C7058A00525526 /* Draw.m */; };
		8D6ECFBF22F7BA8800121478 /* main.m in Sources */ = {isa = PBXBuildFile; fileRef = 8D6ECFBD22F7BA8800121478 /* main.m */; };
		8D6ECFC022F7BA8800121478 /* AppDelegate.m in Sources */ = {isa = PBXBuildFile; fileRef = 8D6ECFBE22F7BA8800121478 /* AppDelegate.m */; };
		8D6ECFC722F7BCF000121478 /* LoginViewController.m in Sources */ = {isa = PBXBuildFile; fileRef = 8D6ECFC522F7BCF000121478 /* LoginViewController.m */; };
		8D6ECFC822F7BCF000121478 /* LoginViewController.xib in Resources */ = {isa = PBXBuildFile; fileRef = 8D6ECFC622F7BCF000121478 /* LoginViewController.xib */; };
		8D6ECFEE22F7C96200121478 /* IQTextView.m in Sources */ = {isa = PBXBuildFile; fileRef = 8D6ECFCD22F7C96100121478 /* IQTextView.m */; };
		8D6ECFEF22F7C96200121478 /* IQToolbar.m in Sources */ = {isa = PBXBuildFile; fileRef = 8D6ECFD122F7C96100121478 /* IQToolbar.m */; };
		8D6ECFF022F7C96200121478 /* IQTitleBarButtonItem.m in Sources */ = {isa = PBXBuildFile; fileRef = 8D6ECFD322F7C96100121478 /* IQTitleBarButtonItem.m */; };
		8D6ECFF122F7C96200121478 /* IQBarButtonItem.m in Sources */ = {isa = PBXBuildFile; fileRef = 8D6ECFD422F7C96100121478 /* IQBarButtonItem.m */; };
		8D6ECFF222F7C96200121478 /* IQUIView+IQKeyboardToolbar.m in Sources */ = {isa = PBXBuildFile; fileRef = 8D6ECFD522F7C96200121478 /* IQUIView+IQKeyboardToolbar.m */; };
		8D6ECFF322F7C96200121478 /* IQPreviousNextView.m in Sources */ = {isa = PBXBuildFile; fileRef = 8D6ECFD622F7C96200121478 /* IQPreviousNextView.m */; };
		8D6ECFF422F7C96200121478 /* IQKeyboardManager.bundle in Resources */ = {isa = PBXBuildFile; fileRef = 8D6ECFDE22F7C96200121478 /* IQKeyboardManager.bundle */; };
		8D6ECFF522F7C96200121478 /* IQKeyboardManager.m in Sources */ = {isa = PBXBuildFile; fileRef = 8D6ECFE122F7C96200121478 /* IQKeyboardManager.m */; };
		8D6ECFF622F7C96200121478 /* IQNSArray+Sort.m in Sources */ = {isa = PBXBuildFile; fileRef = 8D6ECFE322F7C96200121478 /* IQNSArray+Sort.m */; };
		8D6ECFF722F7C96200121478 /* IQUITextFieldView+Additions.m in Sources */ = {isa = PBXBuildFile; fileRef = 8D6ECFE522F7C96200121478 /* IQUITextFieldView+Additions.m */; };
		8D6ECFF822F7C96200121478 /* IQUIScrollView+Additions.m in Sources */ = {isa = PBXBuildFile; fileRef = 8D6ECFE622F7C96200121478 /* IQUIScrollView+Additions.m */; };
		8D6ECFF922F7C96200121478 /* IQUIView+Hierarchy.m in Sources */ = {isa = PBXBuildFile; fileRef = 8D6ECFE722F7C96200121478 /* IQUIView+Hierarchy.m */; };
		8D6ECFFA22F7C96200121478 /* IQUIViewController+Additions.m in Sources */ = {isa = PBXBuildFile; fileRef = 8D6ECFEB22F7C96200121478 /* IQUIViewController+Additions.m */; };
		8D6ECFFB22F7C96200121478 /* IQKeyboardReturnKeyHandler.m in Sources */ = {isa = PBXBuildFile; fileRef = 8D6ECFED22F7C96200121478 /* IQKeyboardReturnKeyHandler.m */; };
		8D6ED00322F7D0B300121478 /* KOC_Control.m in Sources */ = {isa = PBXBuildFile; fileRef = 8D6ED00222F7D0B300121478 /* KOC_Control.m */; };
		8D6ED00D22F7D3B300121478 /* UIColor+Color.m in Sources */ = {isa = PBXBuildFile; fileRef = 8D6ED00C22F7D3B300121478 /* UIColor+Color.m */; };
		8D6ED01222F7D5B400121478 /* OC_TabBarController.m in Sources */ = {isa = PBXBuildFile; fileRef = 8D6ED01122F7D5B400121478 /* OC_TabBarController.m */; };
		8D6ED01522F7D66400121478 /* OC_NavigationController.m in Sources */ = {isa = PBXBuildFile; fileRef = 8D6ED01422F7D66400121478 /* OC_NavigationController.m */; };
		8D6ED01822F7D6E600121478 /* ATNavigationController.m in Sources */ = {isa = PBXBuildFile; fileRef = 8D6ED01722F7D6E600121478 /* ATNavigationController.m */; };
		8D6ED01B22F7D8FE00121478 /* UIView+Extension.m in Sources */ = {isa = PBXBuildFile; fileRef = 8D6ED01A22F7D8FE00121478 /* UIView+Extension.m */; };
		8D6ED02222F7D92A00121478 /* UIView+SDAutoLayout.m in Sources */ = {isa = PBXBuildFile; fileRef = 8D6ED01D22F7D92A00121478 /* UIView+SDAutoLayout.m */; };
		8D6ED02322F7D92A00121478 /* UITableView+SDAutoTableViewCellHeight.m in Sources */ = {isa = PBXBuildFile; fileRef = 8D6ED02022F7D92A00121478 /* UITableView+SDAutoTableViewCellHeight.m */; };
		8D6ED02A22F7DBC700121478 /* MBProgressHUD.m in Sources */ = {isa = PBXBuildFile; fileRef = 8D6ED02522F7DBC700121478 /* MBProgressHUD.m */; };
		8D6ED02B22F7DBC700121478 /* LICENSE in Resources */ = {isa = PBXBuildFile; fileRef = 8D6ED02622F7DBC700121478 /* LICENSE */; };
		8D6ED02C22F7DBC700121478 /* UIView+MBProgressHUD.m in Sources */ = {isa = PBXBuildFile; fileRef = 8D6ED02922F7DBC700121478 /* UIView+MBProgressHUD.m */; };
		8D6ED03422F7FA3B00121478 /* TableViewAnimationKit.m in Sources */ = {isa = PBXBuildFile; fileRef = 8D6ED02E22F7FA3A00121478 /* TableViewAnimationKit.m */; };
		8D6ED03522F7FA3B00121478 /* UITableView+XSAnimationKit.m in Sources */ = {isa = PBXBuildFile; fileRef = 8D6ED03322F7FA3A00121478 /* UITableView+XSAnimationKit.m */; };
		8D6ED03922F8001300121478 /* HomeViewController.m in Sources */ = {isa = PBXBuildFile; fileRef = 8D6ED03822F8001300121478 /* HomeViewController.m */; };
		8D6ED03C22F8002000121478 /* SecondViewController.m in Sources */ = {isa = PBXBuildFile; fileRef = 8D6ED03B22F8002000121478 /* SecondViewController.m */; };
		8D6ED04122F800A900121478 /* ThreeViewController.m in Sources */ = {isa = PBXBuildFile; fileRef = 8D6ED04022F800A900121478 /* ThreeViewController.m */; };
		8D6ED04422F800B600121478 /* FourViewController.m in Sources */ = {isa = PBXBuildFile; fileRef = 8D6ED04322F800B600121478 /* FourViewController.m */; };
		8D793F9123CEAAD40093A115 /* DrawingBoardVC.m in Sources */ = {isa = PBXBuildFile; fileRef = 8D793F8F23CEAAD40093A115 /* DrawingBoardVC.m */; };
		8D793F9223CEAAD40093A115 /* DrawingBoardVC.xib in Resources */ = {isa = PBXBuildFile; fileRef = 8D793F9023CEAAD40093A115 /* DrawingBoardVC.xib */; };
		8D793F9623CED56C0093A115 /* DrawBoardView.m in Sources */ = {isa = PBXBuildFile; fileRef = 8D793F9523CED56C0093A115 /* DrawBoardView.m */; };
		8D793F9923CEE6180093A115 /* DrawBezierPath.m in Sources */ = {isa = PBXBuildFile; fileRef = 8D793F9823CEE6180093A115 /* DrawBezierPath.m */; };
		8D85F2F123CD5DBE003569DB /* UIImage+image.m in Sources */ = {isa = PBXBuildFile; fileRef = 8D85F2F023CD5DBE003569DB /* UIImage+image.m */; };
		8D85F2F623CDA27E003569DB /* GestureUnlockVC.m in Sources */ = {isa = PBXBuildFile; fileRef = 8D85F2F423CDA27E003569DB /* GestureUnlockVC.m */; };
		8D85F2F723CDA27E003569DB /* GestureUnlockVC.xib in Resources */ = {isa = PBXBuildFile; fileRef = 8D85F2F523CDA27E003569DB /* GestureUnlockVC.xib */; };
		DEDC3A37DD1F36B770275666 /* libPods-OC.Tool.a in Frameworks */ = {isa = PBXBuildFile; fileRef = 5E43A0816ECF4523ECD60C6D /* libPods-OC.Tool.a */; };
/* End PBXBuildFile section */

/* Begin PBXFileReference section */
		37AB7C262E87D5214F47FACD /* Pods-OC.Tool.release.xcconfig */ = {isa = PBXFileReference; includeInIndex = 1; lastKnownFileType = text.xcconfig; name = "Pods-OC.Tool.release.xcconfig"; path = "Target Support Files/Pods-OC.Tool/Pods-OC.Tool.release.xcconfig"; sourceTree = "<group>"; };
		5E43A0816ECF4523ECD60C6D /* libPods-OC.Tool.a */ = {isa = PBXFileReference; explicitFileType = archive.ar; includeInIndex = 0; path = "libPods-OC.Tool.a"; sourceTree = BUILT_PRODUCTS_DIR; };
		8D12A76922FBB43B00EE24A9 /* GuideCollectionViewController.h */ = {isa = PBXFileReference; lastKnownFileType = sourcecode.c.h; path = GuideCollectionViewController.h; sourceTree = "<group>"; };
		8D12A76A22FBB43B00EE24A9 /* GuideCollectionViewController.m */ = {isa = PBXFileReference; lastKnownFileType = sourcecode.c.objc; path = GuideCollectionViewController.m; sourceTree = "<group>"; };
		8D12A76C22FBBC3300EE24A9 /* GuidCollectionViewCell.h */ = {isa = PBXFileReference; lastKnownFileType = sourcecode.c.h; path = GuidCollectionViewCell.h; sourceTree = "<group>"; };
		8D12A76D22FBBC3300EE24A9 /* GuidCollectionViewCell.m */ = {isa = PBXFileReference; lastKnownFileType = sourcecode.c.objc; path = GuidCollectionViewCell.m; sourceTree = "<group>"; };
		8D12A76E22FBBC3300EE24A9 /* GuidCollectionViewCell.xib */ = {isa = PBXFileReference; lastKnownFileType = file.xib; path = GuidCollectionViewCell.xib; sourceTree = "<group>"; };
		8D20AD6A23013D33004D6BA4 /* Home_menuView.h */ = {isa = PBXFileReference; lastKnownFileType = sourcecode.c.h; path = Home_menuView.h; sourceTree = "<group>"; };
		8D20AD6B23013D33004D6BA4 /* Home_menuView.m */ = {isa = PBXFileReference; lastKnownFileType = sourcecode.c.objc; path = Home_menuView.m; sourceTree = "<group>"; };
		8D20AD6D23013D9B004D6BA4 /* Home_menuView.xib */ = {isa = PBXFileReference; lastKnownFileType = file.xib; path = Home_menuView.xib; sourceTree = "<group>"; };
		8D23662322FD031F0015FF47 /* CyclePicView.h */ = {isa = PBXFileReference; lastKnownFileType = sourcecode.c.h; path = CyclePicView.h; sourceTree = "<group>"; };
		8D23662422FD031F0015FF47 /* CyclePicView.m */ = {isa = PBXFileReference; lastKnownFileType = sourcecode.c.objc; path = CyclePicView.m; sourceTree = "<group>"; };
		8D23662622FD03450015FF47 /* CyclePicView.xib */ = {isa = PBXFileReference; lastKnownFileType = file.xib; path = CyclePicView.xib; sourceTree = "<group>"; };
		8D23662922FD5D480015FF47 /* BannerDetailController.h */ = {isa = PBXFileReference; lastKnownFileType = sourcecode.c.h; path = BannerDetailController.h; sourceTree = "<group>"; };
		8D23662A22FD5D480015FF47 /* BannerDetailController.m */ = {isa = PBXFileReference; lastKnownFileType = sourcecode.c.objc; path = BannerDetailController.m; sourceTree = "<group>"; };
		8D23662C22FD73270015FF47 /* Const.h */ = {isa = PBXFileReference; fileEncoding = 4; lastKnownFileType = sourcecode.c.h; path = Const.h; sourceTree = "<group>"; };
		8D23662D22FD73270015FF47 /* Const.m */ = {isa = PBXFileReference; fileEncoding = 4; lastKnownFileType = sourcecode.c.objc; path = Const.m; sourceTree = "<group>"; };
		8D23F82D22F4288B00984FF1 /* OC.Tool.app */ = {isa = PBXFileReference; explicitFileType = wrapper.application; includeInIndex = 0; path = OC.Tool.app; sourceTree = BUILT_PRODUCTS_DIR; };
		8D23F83922F4288C00984FF1 /* Assets.xcassets */ = {isa = PBXFileReference; lastKnownFileType = folder.assetcatalog; path = Assets.xcassets; sourceTree = "<group>"; };
		8D23F83E22F4288C00984FF1 /* Info.plist */ = {isa = PBXFileReference; lastKnownFileType = text.plist.xml; path = Info.plist; sourceTree = "<group>"; };
		8D316FD022F9723B001F49A1 /* NetWorkTool.h */ = {isa = PBXFileReference; lastKnownFileType = sourcecode.c.h; path = NetWorkTool.h; sourceTree = "<group>"; };
		8D316FD122F9723B001F49A1 /* NetWorkTool.m */ = {isa = PBXFileReference; lastKnownFileType = sourcecode.c.objc; path = NetWorkTool.m; sourceTree = "<group>"; };
		8D316FD322F973B7001F49A1 /* NetApi.h */ = {isa = PBXFileReference; lastKnownFileType = sourcecode.c.h; path = NetApi.h; sourceTree = "<group>"; };
		8D653B2523C7058100525526 /* Draw.xib */ = {isa = PBXFileReference; lastKnownFileType = file.xib; path = Draw.xib; sourceTree = "<group>"; };
		8D653B2723C7058A00525526 /* Draw.h */ = {isa = PBXFileReference; lastKnownFileType = sourcecode.c.h; path = Draw.h; sourceTree = "<group>"; };
		8D653B2823C7058A00525526 /* Draw.m */ = {isa = PBXFileReference; lastKnownFileType = sourcecode.c.objc; path = Draw.m; sourceTree = "<group>"; };
		8D6ECFBC22F7BA8800121478 /* AppDelegate.h */ = {isa = PBXFileReference; fileEncoding = 4; lastKnownFileType = sourcecode.c.h; path = AppDelegate.h; sourceTree = "<group>"; };
		8D6ECFBD22F7BA8800121478 /* main.m */ = {isa = PBXFileReference; fileEncoding = 4; lastKnownFileType = sourcecode.c.objc; path = main.m; sourceTree = "<group>"; };
		8D6ECFBE22F7BA8800121478 /* AppDelegate.m */ = {isa = PBXFileReference; fileEncoding = 4; lastKnownFileType = sourcecode.c.objc; path = AppDelegate.m; sourceTree = "<group>"; };
		8D6ECFC422F7BCF000121478 /* LoginViewController.h */ = {isa = PBXFileReference; lastKnownFileType = sourcecode.c.h; path = LoginViewController.h; sourceTree = "<group>"; };
		8D6ECFC522F7BCF000121478 /* LoginViewController.m */ = {isa = PBXFileReference; lastKnownFileType = sourcecode.c.objc; path = LoginViewController.m; sourceTree = "<group>"; };
		8D6ECFC622F7BCF000121478 /* LoginViewController.xib */ = {isa = PBXFileReference; lastKnownFileType = file.xib; path = LoginViewController.xib; sourceTree = "<group>"; };
		8D6ECFCD22F7C96100121478 /* IQTextView.m */ = {isa = PBXFileReference; fileEncoding = 4; lastKnownFileType = sourcecode.c.objc; path = IQTextView.m; sourceTree = "<group>"; };
		8D6ECFCE22F7C96100121478 /* IQTextView.h */ = {isa = PBXFileReference; fileEncoding = 4; lastKnownFileType = sourcecode.c.h; path = IQTextView.h; sourceTree = "<group>"; };
		8D6ECFD022F7C96100121478 /* IQUIView+IQKeyboardToolbar.h */ = {isa = PBXFileReference; fileEncoding = 4; lastKnownFileType = sourcecode.c.h; path = "IQUIView+IQKeyboardToolbar.h"; sourceTree = "<group>"; };
		8D6ECFD122F7C96100121478 /* IQToolbar.m */ = {isa = PBXFileReference; fileEncoding = 4; lastKnownFileType = sourcecode.c.objc; path = IQToolbar.m; sourceTree = "<group>"; };
		8D6ECFD222F7C96100121478 /* IQPreviousNextView.h */ = {isa = PBXFileReference; fileEncoding = 4; lastKnownFileType = sourcecode.c.h; path = IQPreviousNextView.h; sourceTree = "<group>"; };
		8D6ECFD322F7C96100121478 /* IQTitleBarButtonItem.m */ = {isa = PBXFileReference; fileEncoding = 4; lastKnownFileType = sourcecode.c.objc; path = IQTitleBarButtonItem.m; sourceTree = "<group>"; };
		8D6ECFD422F7C96100121478 /* IQBarButtonItem.m */ = {isa = PBXFileReference; fileEncoding = 4; lastKnownFileType = sourcecode.c.objc; path = IQBarButtonItem.m; sourceTree = "<group>"; };
		8D6ECFD522F7C96200121478 /* IQUIView+IQKeyboardToolbar.m */ = {isa = PBXFileReference; fileEncoding = 4; lastKnownFileType = sourcecode.c.objc; path = "IQUIView+IQKeyboardToolbar.m"; sourceTree = "<group>"; };
		8D6ECFD622F7C96200121478 /* IQPreviousNextView.m */ = {isa = PBXFileReference; fileEncoding = 4; lastKnownFileType = sourcecode.c.objc; path = IQPreviousNextView.m; sourceTree = "<group>"; };
		8D6ECFD722F7C96200121478 /* IQToolbar.h */ = {isa = PBXFileReference; fileEncoding = 4; lastKnownFileType = sourcecode.c.h; path = IQToolbar.h; sourceTree = "<group>"; };
		8D6ECFD822F7C96200121478 /* IQBarButtonItem.h */ = {isa = PBXFileReference; fileEncoding = 4; lastKnownFileType = sourcecode.c.h; path = IQBarButtonItem.h; sourceTree = "<group>"; };
		8D6ECFD922F7C96200121478 /* IQTitleBarButtonItem.h */ = {isa = PBXFileReference; fileEncoding = 4; lastKnownFileType = sourcecode.c.h; path = IQTitleBarButtonItem.h; sourceTree = "<group>"; };
		8D6ECFDB22F7C96200121478 /* IQKeyboardManagerConstantsInternal.h */ = {isa = PBXFileReference; fileEncoding = 4; lastKnownFileType = sourcecode.c.h; path = IQKeyboardManagerConstantsInternal.h; sourceTree = "<group>"; };
		8D6ECFDC22F7C96200121478 /* IQKeyboardManagerConstants.h */ = {isa = PBXFileReference; fileEncoding = 4; lastKnownFileType = sourcecode.c.h; path = IQKeyboardManagerConstants.h; sourceTree = "<group>"; };
		8D6ECFDE22F7C96200121478 /* IQKeyboardManager.bundle */ = {isa = PBXFileReference; lastKnownFileType = "wrapper.plug-in"; path = IQKeyboardManager.bundle; sourceTree = "<group>"; };
		8D6ECFDF22F7C96200121478 /* IQKeyboardReturnKeyHandler.h */ = {isa = PBXFileReference; fileEncoding = 4; lastKnownFileType = sourcecode.c.h; path = IQKeyboardReturnKeyHandler.h; sourceTree = "<group>"; };
		8D6ECFE022F7C96200121478 /* IQKeyboardManager.h */ = {isa = PBXFileReference; fileEncoding = 4; lastKnownFileType = sourcecode.c.h; path = IQKeyboardManager.h; sourceTree = "<group>"; };
		8D6ECFE122F7C96200121478 /* IQKeyboardManager.m */ = {isa = PBXFileReference; fileEncoding = 4; lastKnownFileType = sourcecode.c.objc; path = IQKeyboardManager.m; sourceTree = "<group>"; };
		8D6ECFE322F7C96200121478 /* IQNSArray+Sort.m */ = {isa = PBXFileReference; fileEncoding = 4; lastKnownFileType = sourcecode.c.objc; path = "IQNSArray+Sort.m"; sourceTree = "<group>"; };
		8D6ECFE422F7C96200121478 /* IQUIViewController+Additions.h */ = {isa = PBXFileReference; fileEncoding = 4; lastKnownFileType = sourcecode.c.h; path = "IQUIViewController+Additions.h"; sourceTree = "<group>"; };
		8D6ECFE522F7C96200121478 /* IQUITextFieldView+Additions.m */ = {isa = PBXFileReference; fileEncoding = 4; lastKnownFileType = sourcecode.c.objc; path = "IQUITextFieldView+Additions.m"; sourceTree = "<group>"; };
		8D6ECFE622F7C96200121478 /* IQUIScrollView+Additions.m */ = {isa = PBXFileReference; fileEncoding = 4; lastKnownFileType = sourcecode.c.objc; path = "IQUIScrollView+Additions.m"; sourceTree = "<group>"; };
		8D6ECFE722F7C96200121478 /* IQUIView+Hierarchy.m */ = {isa = PBXFileReference; fileEncoding = 4; lastKnownFileType = sourcecode.c.objc; path = "IQUIView+Hierarchy.m"; sourceTree = "<group>"; };
		8D6ECFE822F7C96200121478 /* IQNSArray+Sort.h */ = {isa = PBXFileReference; fileEncoding = 4; lastKnownFileType = sourcecode.c.h; path = "IQNSArray+Sort.h"; sourceTree = "<group>"; };
		8D6ECFE922F7C96200121478 /* IQUIScrollView+Additions.h */ = {isa = PBXFileReference; fileEncoding = 4; lastKnownFileType = sourcecode.c.h; path = "IQUIScrollView+Additions.h"; sourceTree = "<group>"; };
		8D6ECFEA22F7C96200121478 /* IQUITextFieldView+Additions.h */ = {isa = PBXFileReference; fileEncoding = 4; lastKnownFileType = sourcecode.c.h; path = "IQUITextFieldView+Additions.h"; sourceTree = "<group>"; };
		8D6ECFEB22F7C96200121478 /* IQUIViewController+Additions.m */ = {isa = PBXFileReference; fileEncoding = 4; lastKnownFileType = sourcecode.c.objc; path = "IQUIViewController+Additions.m"; sourceTree = "<group>"; };
		8D6ECFEC22F7C96200121478 /* IQUIView+Hierarchy.h */ = {isa = PBXFileReference; fileEncoding = 4; lastKnownFileType = sourcecode.c.h; path = "IQUIView+Hierarchy.h"; sourceTree = "<group>"; };
		8D6ECFED22F7C96200121478 /* IQKeyboardReturnKeyHandler.m */ = {isa = PBXFileReference; fileEncoding = 4; lastKnownFileType = sourcecode.c.objc; path = IQKeyboardReturnKeyHandler.m; sourceTree = "<group>"; };
		8D6ECFFC22F7CA9100121478 /* PrefixHeader.pch */ = {isa = PBXFileReference; lastKnownFileType = sourcecode.c.h; path = PrefixHeader.pch; sourceTree = "<group>"; };
		8D6ED00122F7D0B300121478 /* KOC_Control.h */ = {isa = PBXFileReference; lastKnownFileType = sourcecode.c.h; path = KOC_Control.h; sourceTree = "<group>"; };
		8D6ED00222F7D0B300121478 /* KOC_Control.m */ = {isa = PBXFileReference; lastKnownFileType = sourcecode.c.objc; path = KOC_Control.m; sourceTree = "<group>"; };
		8D6ED00B22F7D3B300121478 /* UIColor+Color.h */ = {isa = PBXFileReference; lastKnownFileType = sourcecode.c.h; path = "UIColor+Color.h"; sourceTree = "<group>"; };
		8D6ED00C22F7D3B300121478 /* UIColor+Color.m */ = {isa = PBXFileReference; lastKnownFileType = sourcecode.c.objc; path = "UIColor+Color.m"; sourceTree = "<group>"; };
		8D6ED01022F7D5B400121478 /* OC_TabBarController.h */ = {isa = PBXFileReference; lastKnownFileType = sourcecode.c.h; path = OC_TabBarController.h; sourceTree = "<group>"; };
		8D6ED01122F7D5B400121478 /* OC_TabBarController.m */ = {isa = PBXFileReference; lastKnownFileType = sourcecode.c.objc; path = OC_TabBarController.m; sourceTree = "<group>"; };
		8D6ED01322F7D66400121478 /* OC_NavigationController.h */ = {isa = PBXFileReference; lastKnownFileType = sourcecode.c.h; path = OC_NavigationController.h; sourceTree = "<group>"; };
		8D6ED01422F7D66400121478 /* OC_NavigationController.m */ = {isa = PBXFileReference; lastKnownFileType = sourcecode.c.objc; path = OC_NavigationController.m; sourceTree = "<group>"; };
		8D6ED01622F7D6E600121478 /* ATNavigationController.h */ = {isa = PBXFileReference; fileEncoding = 4; lastKnownFileType = sourcecode.c.h; path = ATNavigationController.h; sourceTree = "<group>"; };
		8D6ED01722F7D6E600121478 /* ATNavigationController.m */ = {isa = PBXFileReference; fileEncoding = 4; lastKnownFileType = sourcecode.c.objc; path = ATNavigationController.m; sourceTree = "<group>"; };
		8D6ED01922F7D8FE00121478 /* UIView+Extension.h */ = {isa = PBXFileReference; fileEncoding = 4; lastKnownFileType = sourcecode.c.h; path = "UIView+Extension.h"; sourceTree = "<group>"; };
		8D6ED01A22F7D8FE00121478 /* UIView+Extension.m */ = {isa = PBXFileReference; fileEncoding = 4; lastKnownFileType = sourcecode.c.objc; path = "UIView+Extension.m"; sourceTree = "<group>"; };
		8D6ED01D22F7D92A00121478 /* UIView+SDAutoLayout.m */ = {isa = PBXFileReference; fileEncoding = 4; lastKnownFileType = sourcecode.c.objc; path = "UIView+SDAutoLayout.m"; sourceTree = "<group>"; };
		8D6ED01E22F7D92A00121478 /* UITableView+SDAutoTableViewCellHeight.h */ = {isa = PBXFileReference; fileEncoding = 4; lastKnownFileType = sourcecode.c.h; path = "UITableView+SDAutoTableViewCellHeight.h"; sourceTree = "<group>"; };
		8D6ED01F22F7D92A00121478 /* SDAutoLayout.h */ = {isa = PBXFileReference; fileEncoding = 4; lastKnownFileType = sourcecode.c.h; path = SDAutoLayout.h; sourceTree = "<group>"; };
		8D6ED02022F7D92A00121478 /* UITableView+SDAutoTableViewCellHeight.m */ = {isa = PBXFileReference; fileEncoding = 4; lastKnownFileType = sourcecode.c.objc; path = "UITableView+SDAutoTableViewCellHeight.m"; sourceTree = "<group>"; };
		8D6ED02122F7D92A00121478 /* UIView+SDAutoLayout.h */ = {isa = PBXFileReference; fileEncoding = 4; lastKnownFileType = sourcecode.c.h; path = "UIView+SDAutoLayout.h"; sourceTree = "<group>"; };
		8D6ED02522F7DBC700121478 /* MBProgressHUD.m */ = {isa = PBXFileReference; fileEncoding = 4; lastKnownFileType = sourcecode.c.objc; path = MBProgressHUD.m; sourceTree = "<group>"; };
		8D6ED02622F7DBC700121478 /* LICENSE */ = {isa = PBXFileReference; fileEncoding = 4; lastKnownFileType = text; path = LICENSE; sourceTree = "<group>"; };
		8D6ED02722F7DBC700121478 /* UIView+MBProgressHUD.h */ = {isa = PBXFileReference; fileEncoding = 4; lastKnownFileType = sourcecode.c.h; path = "UIView+MBProgressHUD.h"; sourceTree = "<group>"; };
		8D6ED02822F7DBC700121478 /* MBProgressHUD.h */ = {isa = PBXFileReference; fileEncoding = 4; lastKnownFileType = sourcecode.c.h; path = MBProgressHUD.h; sourceTree = "<group>"; };
		8D6ED02922F7DBC700121478 /* UIView+MBProgressHUD.m */ = {isa = PBXFileReference; fileEncoding = 4; lastKnownFileType = sourcecode.c.objc; path = "UIView+MBProgressHUD.m"; sourceTree = "<group>"; };
		8D6ED02E22F7FA3A00121478 /* TableViewAnimationKit.m */ = {isa = PBXFileReference; fileEncoding = 4; lastKnownFileType = sourcecode.c.objc; path = TableViewAnimationKit.m; sourceTree = "<group>"; };
		8D6ED02F22F7FA3A00121478 /* TableViewAnimationKitHeaders.h */ = {isa = PBXFileReference; fileEncoding = 4; lastKnownFileType = sourcecode.c.h; path = TableViewAnimationKitHeaders.h; sourceTree = "<group>"; };
		8D6ED03022F7FA3A00121478 /* UITableView+XSAnimationKit.h */ = {isa = PBXFileReference; fileEncoding = 4; lastKnownFileType = sourcecode.c.h; path = "UITableView+XSAnimationKit.h"; sourceTree = "<group>"; };
		8D6ED03122F7FA3A00121478 /* TableViewAnimationKitConfig.h */ = {isa = PBXFileReference; fileEncoding = 4; lastKnownFileType = sourcecode.c.h; path = TableViewAnimationKitConfig.h; sourceTree = "<group>"; };
		8D6ED03222F7FA3A00121478 /* TableViewAnimationKit.h */ = {isa = PBXFileReference; fileEncoding = 4; lastKnownFileType = sourcecode.c.h; path = TableViewAnimationKit.h; sourceTree = "<group>"; };
		8D6ED03322F7FA3A00121478 /* UITableView+XSAnimationKit.m */ = {isa = PBXFileReference; fileEncoding = 4; lastKnownFileType = sourcecode.c.objc; path = "UITableView+XSAnimationKit.m"; sourceTree = "<group>"; };
		8D6ED03722F8001300121478 /* HomeViewController.h */ = {isa = PBXFileReference; lastKnownFileType = sourcecode.c.h; path = HomeViewController.h; sourceTree = "<group>"; };
		8D6ED03822F8001300121478 /* HomeViewController.m */ = {isa = PBXFileReference; lastKnownFileType = sourcecode.c.objc; path = HomeViewController.m; sourceTree = "<group>"; };
		8D6ED03A22F8002000121478 /* SecondViewController.h */ = {isa = PBXFileReference; lastKnownFileType = sourcecode.c.h; path = SecondViewController.h; sourceTree = "<group>"; };
		8D6ED03B22F8002000121478 /* SecondViewController.m */ = {isa = PBXFileReference; lastKnownFileType = sourcecode.c.objc; path = SecondViewController.m; sourceTree = "<group>"; };
		8D6ED03F22F800A900121478 /* ThreeViewController.h */ = {isa = PBXFileReference; lastKnownFileType = sourcecode.c.h; path = ThreeViewController.h; sourceTree = "<group>"; };
		8D6ED04022F800A900121478 /* ThreeViewController.m */ = {isa = PBXFileReference; lastKnownFileType = sourcecode.c.objc; path = ThreeViewController.m; sourceTree = "<group>"; };
		8D6ED04222F800B600121478 /* FourViewController.h */ = {isa = PBXFileReference; lastKnownFileType = sourcecode.c.h; path = FourViewController.h; sourceTree = "<group>"; };
		8D6ED04322F800B600121478 /* FourViewController.m */ = {isa = PBXFileReference; lastKnownFileType = sourcecode.c.objc; path = FourViewController.m; sourceTree = "<group>"; };
		8D793F8E23CEAAD40093A115 /* DrawingBoardVC.h */ = {isa = PBXFileReference; lastKnownFileType = sourcecode.c.h; path = DrawingBoardVC.h; sourceTree = "<group>"; };
		8D793F8F23CEAAD40093A115 /* DrawingBoardVC.m */ = {isa = PBXFileReference; lastKnownFileType = sourcecode.c.objc; path = DrawingBoardVC.m; sourceTree = "<group>"; };
		8D793F9023CEAAD40093A115 /* DrawingBoardVC.xib */ = {isa = PBXFileReference; lastKnownFileType = file.xib; path = DrawingBoardVC.xib; sourceTree = "<group>"; };
		8D793F9423CED56C0093A115 /* DrawBoardView.h */ = {isa = PBXFileReference; lastKnownFileType = sourcecode.c.h; path = DrawBoardView.h; sourceTree = "<group>"; };
		8D793F9523CED56C0093A115 /* DrawBoardView.m */ = {isa = PBXFileReference; lastKnownFileType = sourcecode.c.objc; path = DrawBoardView.m; sourceTree = "<group>"; };
		8D793F9723CEE6180093A115 /* DrawBezierPath.h */ = {isa = PBXFileReference; lastKnownFileType = sourcecode.c.h; path = DrawBezierPath.h; sourceTree = "<group>"; };
		8D793F9823CEE6180093A115 /* DrawBezierPath.m */ = {isa = PBXFileReference; lastKnownFileType = sourcecode.c.objc; path = DrawBezierPath.m; sourceTree = "<group>"; };
		8D85F2EF23CD5DBE003569DB /* UIImage+image.h */ = {isa = PBXFileReference; lastKnownFileType = sourcecode.c.h; path = "UIImage+image.h"; sourceTree = "<group>"; };
		8D85F2F023CD5DBE003569DB /* UIImage+image.m */ = {isa = PBXFileReference; lastKnownFileType = sourcecode.c.objc; path = "UIImage+image.m"; sourceTree = "<group>"; };
		8D85F2F323CDA27E003569DB /* GestureUnlockVC.h */ = {isa = PBXFileReference; lastKnownFileType = sourcecode.c.h; path = GestureUnlockVC.h; sourceTree = "<group>"; };
		8D85F2F423CDA27E003569DB /* GestureUnlockVC.m */ = {isa = PBXFileReference; lastKnownFileType = sourcecode.c.objc; path = GestureUnlockVC.m; sourceTree = "<group>"; };
		8D85F2F523CDA27E003569DB /* GestureUnlockVC.xib */ = {isa = PBXFileReference; lastKnownFileType = file.xib; path = GestureUnlockVC.xib; sourceTree = "<group>"; };
		BD452C2EB088E37DD23D7380 /* Pods-OC.Tool.debug.xcconfig */ = {isa = PBXFileReference; includeInIndex = 1; lastKnownFileType = text.xcconfig; name = "Pods-OC.Tool.debug.xcconfig"; path = "Target Support Files/Pods-OC.Tool/Pods-OC.Tool.debug.xcconfig"; sourceTree = "<group>"; };
/* End PBXFileReference section */

/* Begin PBXFrameworksBuildPhase section */
		8D23F82A22F4288B00984FF1 /* Frameworks */ = {
			isa = PBXFrameworksBuildPhase;
			buildActionMask = 2147483647;
			files = (
				DEDC3A37DD1F36B770275666 /* libPods-OC.Tool.a in Frameworks */,
			);
			runOnlyForDeploymentPostprocessing = 0;
		};
/* End PBXFrameworksBuildPhase section */

/* Begin PBXGroup section */
		87A701C48E69044256A4D984 /* Frameworks */ = {
			isa = PBXGroup;
			children = (
				5E43A0816ECF4523ECD60C6D /* libPods-OC.Tool.a */,
			);
			name = Frameworks;
			sourceTree = "<group>";
		};
		8D12A76822FBB41D00EE24A9 /* GuidePage(引导页) */ = {
			isa = PBXGroup;
			children = (
				8D12A76922FBB43B00EE24A9 /* GuideCollectionViewController.h */,
				8D12A76A22FBB43B00EE24A9 /* GuideCollectionViewController.m */,
				8D12A76C22FBBC3300EE24A9 /* GuidCollectionViewCell.h */,
				8D12A76D22FBBC3300EE24A9 /* GuidCollectionViewCell.m */,
				8D12A76E22FBBC3300EE24A9 /* GuidCollectionViewCell.xib */,
			);
			path = "GuidePage(引导页)";
			sourceTree = "<group>";
		};
		8D20AD6923013D1A004D6BA4 /* MenuView */ = {
			isa = PBXGroup;
			children = (
				8D20AD6A23013D33004D6BA4 /* Home_menuView.h */,
				8D20AD6B23013D33004D6BA4 /* Home_menuView.m */,
				8D20AD6D23013D9B004D6BA4 /* Home_menuView.xib */,
			);
			path = MenuView;
			sourceTree = "<group>";
		};
		8D23662122FD02EB0015FF47 /* View */ = {
			isa = PBXGroup;
			children = (
				8D20AD6923013D1A004D6BA4 /* MenuView */,
				8D23662222FD030B0015FF47 /* CyclePics */,
			);
			path = View;
			sourceTree = "<group>";
		};
		8D23662222FD030B0015FF47 /* CyclePics */ = {
			isa = PBXGroup;
			children = (
				8D23662322FD031F0015FF47 /* CyclePicView.h */,
				8D23662422FD031F0015FF47 /* CyclePicView.m */,
				8D23662622FD03450015FF47 /* CyclePicView.xib */,
			);
			path = CyclePics;
			sourceTree = "<group>";
		};
		8D23662822FD5D270015FF47 /* Controll */ = {
			isa = PBXGroup;
			children = (
				8D23662922FD5D480015FF47 /* BannerDetailController.h */,
				8D23662A22FD5D480015FF47 /* BannerDetailController.m */,
			);
			path = Controll;
			sourceTree = "<group>";
		};
		8D23F82422F4288B00984FF1 = {
			isa = PBXGroup;
			children = (
				8D23F82F22F4288B00984FF1 /* OC.Tool */,
				8D23F82E22F4288B00984FF1 /* Products */,
				AA6C0ECB09380B2211AE4D3B /* Pods */,
				87A701C48E69044256A4D984 /* Frameworks */,
			);
			sourceTree = "<group>";
		};
		8D23F82E22F4288B00984FF1 /* Products */ = {
			isa = PBXGroup;
			children = (
				8D23F82D22F4288B00984FF1 /* OC.Tool.app */,
			);
			name = Products;
			sourceTree = "<group>";
		};
		8D23F82F22F4288B00984FF1 /* OC.Tool */ = {
			isa = PBXGroup;
			children = (
				8D6ECFBA22F7BA8800121478 /* Classes */,
				8D23F83922F4288C00984FF1 /* Assets.xcassets */,
				8D23F83E22F4288C00984FF1 /* Info.plist */,
			);
			path = OC.Tool;
			sourceTree = "<group>";
		};
		8D316FCF22F97227001F49A1 /* NetWorkTool(请求数据) */ = {
			isa = PBXGroup;
			children = (
				8D316FD022F9723B001F49A1 /* NetWorkTool.h */,
				8D316FD122F9723B001F49A1 /* NetWorkTool.m */,
				8D316FD322F973B7001F49A1 /* NetApi.h */,
			);
			path = "NetWorkTool(请求数据)";
			sourceTree = "<group>";
		};
		8D6ECFBA22F7BA8800121478 /* Classes */ = {
			isa = PBXGroup;
			children = (
				8D6ED00E22F7D53B00121478 /* Main-(入口) */,
				8D6ECFC122F7BCA000121478 /* Home-首页 */,
				8D6ED03622F7FFD700121478 /* Second-(第二个页面) */,
				8D6ED03D22F8005200121478 /* Three-(第三个页面) */,
				8D6ED03E22F8007B00121478 /* Four-(第四个页面) */,
				8D6ECFC222F7BCA400121478 /* User_用户 */,
				8D6ECFBB22F7BA8800121478 /* Other-其他 */,
			);
			path = Classes;
			sourceTree = "<group>";
		};
		8D6ECFBB22F7BA8800121478 /* Other-其他 */ = {
			isa = PBXGroup;
			children = (
				8D316FCF22F97227001F49A1 /* NetWorkTool(请求数据) */,
				8D6ED00422F7D31700121478 /* Category(分类) */,
				8D6ECFFD22F7CF2E00121478 /* Configure_global(全局配置) */,
				8D6ECFCA22F7C94500121478 /* Lib(第三方框架) */,
				8D6ECFBC22F7BA8800121478 /* AppDelegate.h */,
				8D6ECFBE22F7BA8800121478 /* AppDelegate.m */,
				8D6ECFBD22F7BA8800121478 /* main.m */,
				8D6ECFFC22F7CA9100121478 /* PrefixHeader.pch */,
			);
			path = "Other-其他";
			sourceTree = "<group>";
		};
		8D6ECFC122F7BCA000121478 /* Home-首页 */ = {
			isa = PBXGroup;
			children = (
				8D23662822FD5D270015FF47 /* Controll */,
				8D23662122FD02EB0015FF47 /* View */,
				8D6ED03722F8001300121478 /* HomeViewController.h */,
				8D6ED03822F8001300121478 /* HomeViewController.m */,
			);
			path = "Home-首页";
			sourceTree = "<group>";
		};
		8D6ECFC222F7BCA400121478 /* User_用户 */ = {
			isa = PBXGroup;
			children = (
				8D6ECFC322F7BCC400121478 /* Login */,
			);
			path = "User_用户";
			sourceTree = "<group>";
		};
		8D6ECFC322F7BCC400121478 /* Login */ = {
			isa = PBXGroup;
			children = (
				8D6ECFC422F7BCF000121478 /* LoginViewController.h */,
				8D6ECFC522F7BCF000121478 /* LoginViewController.m */,
				8D6ECFC622F7BCF000121478 /* LoginViewController.xib */,
			);
			path = Login;
			sourceTree = "<group>";
		};
		8D6ECFCA22F7C94500121478 /* Lib(第三方框架) */ = {
			isa = PBXGroup;
			children = (
				8D6ED02D22F7FA3A00121478 /* TableViewAnimationKit */,
				8D6ED02422F7DBC700121478 /* MBProgressHUD */,
				8D6ED01C22F7D92A00121478 /* SDAutoLayout */,
				8D6ECFCB22F7C96100121478 /* IQKeyboardManager */,
			);
			path = "Lib(第三方框架)";
			sourceTree = "<group>";
		};
		8D6ECFCB22F7C96100121478 /* IQKeyboardManager */ = {
			isa = PBXGroup;
			children = (
				8D6ECFCC22F7C96100121478 /* IQTextView */,
				8D6ECFCF22F7C96100121478 /* IQToolbar */,
				8D6ECFDA22F7C96200121478 /* Constants */,
				8D6ECFDD22F7C96200121478 /* Resources */,
				8D6ECFDF22F7C96200121478 /* IQKeyboardReturnKeyHandler.h */,
				8D6ECFED22F7C96200121478 /* IQKeyboardReturnKeyHandler.m */,
				8D6ECFE022F7C96200121478 /* IQKeyboardManager.h */,
				8D6ECFE122F7C96200121478 /* IQKeyboardManager.m */,
				8D6ECFE222F7C96200121478 /* Categories */,
			);
			path = IQKeyboardManager;
			sourceTree = "<group>";
		};
		8D6ECFCC22F7C96100121478 /* IQTextView */ = {
			isa = PBXGroup;
			children = (
				8D6ECFCD22F7C96100121478 /* IQTextView.m */,
				8D6ECFCE22F7C96100121478 /* IQTextView.h */,
			);
			path = IQTextView;
			sourceTree = "<group>";
		};
		8D6ECFCF22F7C96100121478 /* IQToolbar */ = {
			isa = PBXGroup;
			children = (
				8D6ECFD022F7C96100121478 /* IQUIView+IQKeyboardToolbar.h */,
				8D6ECFD122F7C96100121478 /* IQToolbar.m */,
				8D6ECFD222F7C96100121478 /* IQPreviousNextView.h */,
				8D6ECFD322F7C96100121478 /* IQTitleBarButtonItem.m */,
				8D6ECFD422F7C96100121478 /* IQBarButtonItem.m */,
				8D6ECFD522F7C96200121478 /* IQUIView+IQKeyboardToolbar.m */,
				8D6ECFD622F7C96200121478 /* IQPreviousNextView.m */,
				8D6ECFD722F7C96200121478 /* IQToolbar.h */,
				8D6ECFD822F7C96200121478 /* IQBarButtonItem.h */,
				8D6ECFD922F7C96200121478 /* IQTitleBarButtonItem.h */,
			);
			path = IQToolbar;
			sourceTree = "<group>";
		};
		8D6ECFDA22F7C96200121478 /* Constants */ = {
			isa = PBXGroup;
			children = (
				8D6ECFDB22F7C96200121478 /* IQKeyboardManagerConstantsInternal.h */,
				8D6ECFDC22F7C96200121478 /* IQKeyboardManagerConstants.h */,
			);
			path = Constants;
			sourceTree = "<group>";
		};
		8D6ECFDD22F7C96200121478 /* Resources */ = {
			isa = PBXGroup;
			children = (
				8D6ECFDE22F7C96200121478 /* IQKeyboardManager.bundle */,
			);
			path = Resources;
			sourceTree = "<group>";
		};
		8D6ECFE222F7C96200121478 /* Categories */ = {
			isa = PBXGroup;
			children = (
				8D6ECFE322F7C96200121478 /* IQNSArray+Sort.m */,
				8D6ECFE422F7C96200121478 /* IQUIViewController+Additions.h */,
				8D6ECFE522F7C96200121478 /* IQUITextFieldView+Additions.m */,
				8D6ECFE622F7C96200121478 /* IQUIScrollView+Additions.m */,
				8D6ECFE722F7C96200121478 /* IQUIView+Hierarchy.m */,
				8D6ECFE822F7C96200121478 /* IQNSArray+Sort.h */,
				8D6ECFE922F7C96200121478 /* IQUIScrollView+Additions.h */,
				8D6ECFEA22F7C96200121478 /* IQUITextFieldView+Additions.h */,
				8D6ECFEB22F7C96200121478 /* IQUIViewController+Additions.m */,
				8D6ECFEC22F7C96200121478 /* IQUIView+Hierarchy.h */,
			);
			path = Categories;
			sourceTree = "<group>";
		};
		8D6ECFFD22F7CF2E00121478 /* Configure_global(全局配置) */ = {
			isa = PBXGroup;
			children = (
				8D23662C22FD73270015FF47 /* Const.h */,
				8D23662D22FD73270015FF47 /* Const.m */,
				8D6ED00122F7D0B300121478 /* KOC_Control.h */,
				8D6ED00222F7D0B300121478 /* KOC_Control.m */,
			);
			path = "Configure_global(全局配置)";
			sourceTree = "<group>";
		};
		8D6ED00422F7D31700121478 /* Category(分类) */ = {
			isa = PBXGroup;
			children = (
				8D6ED01922F7D8FE00121478 /* UIView+Extension.h */,
				8D6ED01A22F7D8FE00121478 /* UIView+Extension.m */,
				8D6ED00B22F7D3B300121478 /* UIColor+Color.h */,
				8D6ED00C22F7D3B300121478 /* UIColor+Color.m */,
			);
			path = "Category(分类)";
			sourceTree = "<group>";
		};
		8D6ED00E22F7D53B00121478 /* Main-(入口) */ = {
			isa = PBXGroup;
			children = (
				8D12A76822FBB41D00EE24A9 /* GuidePage(引导页) */,
				8D6ED00F22F7D58400121478 /* Tabbar_Nav */,
			);
			path = "Main-(入口)";
			sourceTree = "<group>";
		};
		8D6ED00F22F7D58400121478 /* Tabbar_Nav */ = {
			isa = PBXGroup;
			children = (
				8D6ED01022F7D5B400121478 /* OC_TabBarController.h */,
				8D6ED01122F7D5B400121478 /* OC_TabBarController.m */,
				8D6ED01622F7D6E600121478 /* ATNavigationController.h */,
				8D6ED01722F7D6E600121478 /* ATNavigationController.m */,
				8D6ED01322F7D66400121478 /* OC_NavigationController.h */,
				8D6ED01422F7D66400121478 /* OC_NavigationController.m */,
			);
			path = Tabbar_Nav;
			sourceTree = "<group>";
		};
		8D6ED01C22F7D92A00121478 /* SDAutoLayout */ = {
			isa = PBXGroup;
			children = (
				8D6ED01D22F7D92A00121478 /* UIView+SDAutoLayout.m */,
				8D6ED01E22F7D92A00121478 /* UITableView+SDAutoTableViewCellHeight.h */,
				8D6ED01F22F7D92A00121478 /* SDAutoLayout.h */,
				8D6ED02022F7D92A00121478 /* UITableView+SDAutoTableViewCellHeight.m */,
				8D6ED02122F7D92A00121478 /* UIView+SDAutoLayout.h */,
			);
			path = SDAutoLayout;
			sourceTree = "<group>";
		};
		8D6ED02422F7DBC700121478 /* MBProgressHUD */ = {
			isa = PBXGroup;
			children = (
				8D6ED02522F7DBC700121478 /* MBProgressHUD.m */,
				8D6ED02622F7DBC700121478 /* LICENSE */,
				8D6ED02722F7DBC700121478 /* UIView+MBProgressHUD.h */,
				8D6ED02822F7DBC700121478 /* MBProgressHUD.h */,
				8D6ED02922F7DBC700121478 /* UIView+MBProgressHUD.m */,
			);
			path = MBProgressHUD;
			sourceTree = "<group>";
		};
		8D6ED02D22F7FA3A00121478 /* TableViewAnimationKit */ = {
			isa = PBXGroup;
			children = (
				8D6ED02E22F7FA3A00121478 /* TableViewAnimationKit.m */,
				8D6ED02F22F7FA3A00121478 /* TableViewAnimationKitHeaders.h */,
				8D6ED03022F7FA3A00121478 /* UITableView+XSAnimationKit.h */,
				8D6ED03122F7FA3A00121478 /* TableViewAnimationKitConfig.h */,
				8D6ED03222F7FA3A00121478 /* TableViewAnimationKit.h */,
				8D6ED03322F7FA3A00121478 /* UITableView+XSAnimationKit.m */,
			);
			path = TableViewAnimationKit;
			sourceTree = "<group>";
		};
		8D6ED03622F7FFD700121478 /* Second-(第二个页面) */ = {
			isa = PBXGroup;
			children = (
				8D793F8823CEA8FE0093A115 /* 画板 */,
				8D85F2F223CDA221003569DB /* 手势解锁 */,
				8D6ED03A22F8002000121478 /* SecondViewController.h */,
				8D6ED03B22F8002000121478 /* SecondViewController.m */,
			);
			path = "Second-(第二个页面)";
			sourceTree = "<group>";
		};
		8D6ED03D22F8005200121478 /* Three-(第三个页面) */ = {
			isa = PBXGroup;
			children = (
				8D6ED03F22F800A900121478 /* ThreeViewController.h */,
				8D6ED04022F800A900121478 /* ThreeViewController.m */,
			);
			path = "Three-(第三个页面)";
			sourceTree = "<group>";
		};
		8D6ED03E22F8007B00121478 /* Four-(第四个页面) */ = {
			isa = PBXGroup;
			children = (
				8D6ED04222F800B600121478 /* FourViewController.h */,
				8D6ED04322F800B600121478 /* FourViewController.m */,
				8D653B2723C7058A00525526 /* Draw.h */,
				8D653B2823C7058A00525526 /* Draw.m */,
				8D653B2523C7058100525526 /* Draw.xib */,
				8D85F2EF23CD5DBE003569DB /* UIImage+image.h */,
				8D85F2F023CD5DBE003569DB /* UIImage+image.m */,
			);
			path = "Four-(第四个页面)";
			sourceTree = "<group>";
		};
		8D793F8823CEA8FE0093A115 /* 画板 */ = {
			isa = PBXGroup;
			children = (
				8D793F9323CED5260093A115 /* view */,
				8D793F8E23CEAAD40093A115 /* DrawingBoardVC.h */,
				8D793F8F23CEAAD40093A115 /* DrawingBoardVC.m */,
				8D793F9023CEAAD40093A115 /* DrawingBoardVC.xib */,
			);
			path = "画板";
			sourceTree = "<group>";
		};
		8D793F9323CED5260093A115 /* view */ = {
			isa = PBXGroup;
			children = (
				8D793F9423CED56C0093A115 /* DrawBoardView.h */,
				8D793F9523CED56C0093A115 /* DrawBoardView.m */,
				8D793F9723CEE6180093A115 /* DrawBezierPath.h */,
				8D793F9823CEE6180093A115 /* DrawBezierPath.m */,
			);
			path = view;
			sourceTree = "<group>";
		};
		8D85F2F223CDA221003569DB /* 手势解锁 */ = {
			isa = PBXGroup;
			children = (
				8D85F2F323CDA27E003569DB /* GestureUnlockVC.h */,
				8D85F2F423CDA27E003569DB /* GestureUnlockVC.m */,
				8D85F2F523CDA27E003569DB /* GestureUnlockVC.xib */,
			);
			path = "手势解锁";
			sourceTree = "<group>";
		};
		AA6C0ECB09380B2211AE4D3B /* Pods */ = {
			isa = PBXGroup;
			children = (
				BD452C2EB088E37DD23D7380 /* Pods-OC.Tool.debug.xcconfig */,
				37AB7C262E87D5214F47FACD /* Pods-OC.Tool.release.xcconfig */,
			);
			path = Pods;
			sourceTree = "<group>";
		};
/* End PBXGroup section */

/* Begin PBXNativeTarget section */
		8D23F82C22F4288B00984FF1 /* OC.Tool */ = {
			isa = PBXNativeTarget;
			buildConfigurationList = 8D23F84322F4288C00984FF1 /* Build configuration list for PBXNativeTarget "OC.Tool" */;
			buildPhases = (
				0737B182D263F93EBF37E2D9 /* [CP] Check Pods Manifest.lock */,
				8D23F82922F4288B00984FF1 /* Sources */,
				8D23F82A22F4288B00984FF1 /* Frameworks */,
				8D23F82B22F4288B00984FF1 /* Resources */,
				ACFE3D60122BA67782E40D06 /* [CP] Copy Pods Resources */,
			);
			buildRules = (
			);
			dependencies = (
			);
			name = OC.Tool;
			productName = OC.Tool;
			productReference = 8D23F82D22F4288B00984FF1 /* OC.Tool.app */;
			productType = "com.apple.product-type.application";
		};
/* End PBXNativeTarget section */

/* Begin PBXProject section */
		8D23F82522F4288B00984FF1 /* Project object */ = {
			isa = PBXProject;
			attributes = {
				LastUpgradeCheck = 1030;
				ORGANIZATIONNAME = xr;
				TargetAttributes = {
					8D23F82C22F4288B00984FF1 = {
						CreatedOnToolsVersion = 10.3;
					};
				};
			};
			buildConfigurationList = 8D23F82822F4288B00984FF1 /* Build configuration list for PBXProject "OC.Tool" */;
			compatibilityVersion = "Xcode 9.3";
			developmentRegion = en;
			hasScannedForEncodings = 0;
			knownRegions = (
				en,
				Base,
			);
			mainGroup = 8D23F82422F4288B00984FF1;
			productRefGroup = 8D23F82E22F4288B00984FF1 /* Products */;
			projectDirPath = "";
			projectRoot = "";
			targets = (
				8D23F82C22F4288B00984FF1 /* OC.Tool */,
			);
		};
/* End PBXProject section */

/* Begin PBXResourcesBuildPhase section */
		8D23F82B22F4288B00984FF1 /* Resources */ = {
			isa = PBXResourcesBuildPhase;
			buildActionMask = 2147483647;
			files = (
				8D20AD6E23013D9B004D6BA4 /* Home_menuView.xib in Resources */,
				8D23662722FD03450015FF47 /* CyclePicView.xib in Resources */,
				8D85F2F723CDA27E003569DB /* GestureUnlockVC.xib in Resources */,
				8D6ECFC822F7BCF000121478 /* LoginViewController.xib in Resources */,
				8D793F9223CEAAD40093A115 /* DrawingBoardVC.xib in Resources */,
				8D23F83A22F4288C00984FF1 /* Assets.xcassets in Resources */,
				8D12A77022FBBC3300EE24A9 /* GuidCollectionViewCell.xib in Resources */,
				8D6ED02B22F7DBC700121478 /* LICENSE in Resources */,
				8D6ECFF422F7C96200121478 /* IQKeyboardManager.bundle in Resources */,
				8D653B2623C7058100525526 /* Draw.xib in Resources */,
			);
			runOnlyForDeploymentPostprocessing = 0;
		};
/* End PBXResourcesBuildPhase section */

/* Begin PBXShellScriptBuildPhase section */
		0737B182D263F93EBF37E2D9 /* [CP] Check Pods Manifest.lock */ = {
			isa = PBXShellScriptBuildPhase;
			buildActionMask = 2147483647;
			files = (
			);
			inputFileListPaths = (
			);
			inputPaths = (
				"${PODS_PODFILE_DIR_PATH}/Podfile.lock",
				"${PODS_ROOT}/Manifest.lock",
			);
			name = "[CP] Check Pods Manifest.lock";
			outputFileListPaths = (
			);
			outputPaths = (
				"$(DERIVED_FILE_DIR)/Pods-OC.Tool-checkManifestLockResult.txt",
			);
			runOnlyForDeploymentPostprocessing = 0;
			shellPath = /bin/sh;
			shellScript = "diff \"${PODS_PODFILE_DIR_PATH}/Podfile.lock\" \"${PODS_ROOT}/Manifest.lock\" > /dev/null\nif [ $? != 0 ] ; then\n    # print error to STDERR\n    echo \"error: The sandbox is not in sync with the Podfile.lock. Run 'pod install' or update your CocoaPods installation.\" >&2\n    exit 1\nfi\n# This output is used by Xcode 'outputs' to avoid re-running this script phase.\necho \"SUCCESS\" > \"${SCRIPT_OUTPUT_FILE_0}\"\n";
			showEnvVarsInLog = 0;
		};
		ACFE3D60122BA67782E40D06 /* [CP] Copy Pods Resources */ = {
			isa = PBXShellScriptBuildPhase;
			buildActionMask = 2147483647;
			files = (
			);
			inputFileListPaths = (
			);
			inputPaths = (
				"${PODS_ROOT}/Target Support Files/Pods-OC.Tool/Pods-OC.Tool-resources.sh",
				"${PODS_ROOT}/MJRefresh/MJRefresh/MJRefresh.bundle",
			);
			name = "[CP] Copy Pods Resources";
			outputFileListPaths = (
			);
			outputPaths = (
				"${TARGET_BUILD_DIR}/${UNLOCALIZED_RESOURCES_FOLDER_PATH}/MJRefresh.bundle",
			);
			runOnlyForDeploymentPostprocessing = 0;
			shellPath = /bin/sh;
			shellScript = "\"${PODS_ROOT}/Target Support Files/Pods-OC.Tool/Pods-OC.Tool-resources.sh\"\n";
			showEnvVarsInLog = 0;
		};
/* End PBXShellScriptBuildPhase section */

/* Begin PBXSourcesBuildPhase section */
		8D23F82922F4288B00984FF1 /* Sources */ = {
			isa = PBXSourcesBuildPhase;
			buildActionMask = 2147483647;
			files = (
				8D6ED03C22F8002000121478 /* SecondViewController.m in Sources */,
				8D6ED01822F7D6E600121478 /* ATNavigationController.m in Sources */,
				8D6ECFF522F7C96200121478 /* IQKeyboardManager.m in Sources */,
				8D6ED02222F7D92A00121478 /* UIView+SDAutoLayout.m in Sources */,
				8D6ED01B22F7D8FE00121478 /* UIView+Extension.m in Sources */,
				8D6ECFFA22F7C96200121478 /* IQUIViewController+Additions.m in Sources */,
				8D6ECFEF22F7C96200121478 /* IQToolbar.m in Sources */,
				8D793F9123CEAAD40093A115 /* DrawingBoardVC.m in Sources */,
				8D23662E22FD73270015FF47 /* Const.m in Sources */,
				8D6ED03922F8001300121478 /* HomeViewController.m in Sources */,
				8D6ECFF122F7C96200121478 /* IQBarButtonItem.m in Sources */,
				8D6ECFF022F7C96200121478 /* IQTitleBarButtonItem.m in Sources */,
				8D6ED04422F800B600121478 /* FourViewController.m in Sources */,
				8D6ED01522F7D66400121478 /* OC_NavigationController.m in Sources */,
				8D6ECFF222F7C96200121478 /* IQUIView+IQKeyboardToolbar.m in Sources */,
				8D6ED02322F7D92A00121478 /* UITableView+SDAutoTableViewCellHeight.m in Sources */,
				8D653B2923C7058A00525526 /* Draw.m in Sources */,
				8D6ECFBF22F7BA8800121478 /* main.m in Sources */,
				8D6ED04122F800A900121478 /* ThreeViewController.m in Sources */,
				8D85F2F623CDA27E003569DB /* GestureUnlockVC.m in Sources */,
				8D793F9923CEE6180093A115 /* DrawBezierPath.m in Sources */,
				8D23662B22FD5D480015FF47 /* BannerDetailController.m in Sources */,
				8D6ED00D22F7D3B300121478 /* UIColor+Color.m in Sources */,
				8D12A76F22FBBC3300EE24A9 /* GuidCollectionViewCell.m in Sources */,
				8D6ECFF922F7C96200121478 /* IQUIView+Hierarchy.m in Sources */,
				8D6ED02C22F7DBC700121478 /* UIView+MBProgressHUD.m in Sources */,
				8D12A76B22FBB43B00EE24A9 /* GuideCollectionViewController.m in Sources */,
				8D6ECFF722F7C96200121478 /* IQUITextFieldView+Additions.m in Sources */,
				8D6ECFFB22F7C96200121478 /* IQKeyboardReturnKeyHandler.m in Sources */,
				8D6ED00322F7D0B300121478 /* KOC_Control.m in Sources */,
				8D6ED02A22F7DBC700121478 /* MBProgressHUD.m in Sources */,
				8D20AD6C23013D33004D6BA4 /* Home_menuView.m in Sources */,
				8D793F9623CED56C0093A115 /* DrawBoardView.m in Sources */,
				8D6ED03422F7FA3B00121478 /* TableViewAnimationKit.m in Sources */,
				8D6ECFF822F7C96200121478 /* IQUIScrollView+Additions.m in Sources */,
				8D6ECFEE22F7C96200121478 /* IQTextView.m in Sources */,
				8D23662522FD031F0015FF47 /* CyclePicView.m in Sources */,
				8D316FD222F9723B001F49A1 /* NetWorkTool.m in Sources */,
				8D6ED03522F7FA3B00121478 /* UITableView+XSAnimationKit.m in Sources */,
				8D6ECFC022F7BA8800121478 /* AppDelegate.m in Sources */,
				8D6ECFC722F7BCF000121478 /* LoginViewController.m in Sources */,
				8D85F2F123CD5DBE003569DB /* UIImage+image.m in Sources */,
				8D6ED01222F7D5B400121478 /* OC_TabBarController.m in Sources */,
				8D6ECFF322F7C96200121478 /* IQPreviousNextView.m in Sources */,
				8D6ECFF622F7C96200121478 /* IQNSArray+Sort.m in Sources */,
			);
			runOnlyForDeploymentPostprocessing = 0;
		};
/* End PBXSourcesBuildPhase section */

/* Begin XCBuildConfiguration section */
		8D23F84122F4288C00984FF1 /* Debug */ = {
			isa = XCBuildConfiguration;
			buildSettings = {
				ALWAYS_SEARCH_USER_PATHS = NO;
				CLANG_ANALYZER_NONNULL = YES;
				CLANG_ANALYZER_NUMBER_OBJECT_CONVERSION = YES_AGGRESSIVE;
				CLANG_CXX_LANGUAGE_STANDARD = "gnu++14";
				CLANG_CXX_LIBRARY = "libc++";
				CLANG_ENABLE_MODULES = YES;
				CLANG_ENABLE_OBJC_ARC = YES;
				CLANG_ENABLE_OBJC_WEAK = YES;
				CLANG_WARN_BLOCK_CAPTURE_AUTORELEASING = YES;
				CLANG_WARN_BOOL_CONVERSION = YES;
				CLANG_WARN_COMMA = YES;
				CLANG_WARN_CONSTANT_CONVERSION = YES;
				CLANG_WARN_DEPRECATED_OBJC_IMPLEMENTATIONS = YES;
				CLANG_WARN_DIRECT_OBJC_ISA_USAGE = YES_ERROR;
				CLANG_WARN_DOCUMENTATION_COMMENTS = YES;
				CLANG_WARN_EMPTY_BODY = YES;
				CLANG_WARN_ENUM_CONVERSION = YES;
				CLANG_WARN_INFINITE_RECURSION = YES;
				CLANG_WARN_INT_CONVERSION = YES;
				CLANG_WARN_NON_LITERAL_NULL_CONVERSION = YES;
				CLANG_WARN_OBJC_IMPLICIT_RETAIN_SELF = YES;
				CLANG_WARN_OBJC_LITERAL_CONVERSION = YES;
				CLANG_WARN_OBJC_ROOT_CLASS = YES_ERROR;
				CLANG_WARN_RANGE_LOOP_ANALYSIS = YES;
				CLANG_WARN_STRICT_PROTOTYPES = YES;
				CLANG_WARN_SUSPICIOUS_MOVE = YES;
				CLANG_WARN_UNGUARDED_AVAILABILITY = YES_AGGRESSIVE;
				CLANG_WARN_UNREACHABLE_CODE = YES;
				CLANG_WARN__DUPLICATE_METHOD_MATCH = YES;
				CODE_SIGN_IDENTITY = "iPhone Developer";
				COPY_PHASE_STRIP = NO;
				DEBUG_INFORMATION_FORMAT = dwarf;
				ENABLE_STRICT_OBJC_MSGSEND = YES;
				ENABLE_TESTABILITY = YES;
				GCC_C_LANGUAGE_STANDARD = gnu11;
				GCC_DYNAMIC_NO_PIC = NO;
				GCC_NO_COMMON_BLOCKS = YES;
				GCC_OPTIMIZATION_LEVEL = 0;
				GCC_PREPROCESSOR_DEFINITIONS = (
					"DEBUG=1",
					"$(inherited)",
				);
				GCC_WARN_64_TO_32_BIT_CONVERSION = YES;
				GCC_WARN_ABOUT_RETURN_TYPE = YES_ERROR;
				GCC_WARN_UNDECLARED_SELECTOR = YES;
				GCC_WARN_UNINITIALIZED_AUTOS = YES_AGGRESSIVE;
				GCC_WARN_UNUSED_FUNCTION = YES;
				GCC_WARN_UNUSED_VARIABLE = YES;
				IPHONEOS_DEPLOYMENT_TARGET = 12.4;
				MTL_ENABLE_DEBUG_INFO = INCLUDE_SOURCE;
				MTL_FAST_MATH = YES;
				ONLY_ACTIVE_ARCH = YES;
				SDKROOT = iphoneos;
			};
			name = Debug;
		};
		8D23F84222F4288C00984FF1 /* Release */ = {
			isa = XCBuildConfiguration;
			buildSettings = {
				ALWAYS_SEARCH_USER_PATHS = NO;
				CLANG_ANALYZER_NONNULL = YES;
				CLANG_ANALYZER_NUMBER_OBJECT_CONVERSION = YES_AGGRESSIVE;
				CLANG_CXX_LANGUAGE_STANDARD = "gnu++14";
				CLANG_CXX_LIBRARY = "libc++";
				CLANG_ENABLE_MODULES = YES;
				CLANG_ENABLE_OBJC_ARC = YES;
				CLANG_ENABLE_OBJC_WEAK = YES;
				CLANG_WARN_BLOCK_CAPTURE_AUTORELEASING = YES;
				CLANG_WARN_BOOL_CONVERSION = YES;
				CLANG_WARN_COMMA = YES;
				CLANG_WARN_CONSTANT_CONVERSION = YES;
				CLANG_WARN_DEPRECATED_OBJC_IMPLEMENTATIONS = YES;
				CLANG_WARN_DIRECT_OBJC_ISA_USAGE = YES_ERROR;
				CLANG_WARN_DOCUMENTATION_COMMENTS = YES;
				CLANG_WARN_EMPTY_BODY = YES;
				CLANG_WARN_ENUM_CONVERSION = YES;
				CLANG_WARN_INFINITE_RECURSION = YES;
				CLANG_WARN_INT_CONVERSION = YES;
				CLANG_WARN_NON_LITERAL_NULL_CONVERSION = YES;
				CLANG_WARN_OBJC_IMPLICIT_RETAIN_SELF = YES;
				CLANG_WARN_OBJC_LITERAL_CONVERSION = YES;
				CLANG_WARN_OBJC_ROOT_CLASS = YES_ERROR;
				CLANG_WARN_RANGE_LOOP_ANALYSIS = YES;
				CLANG_WARN_STRICT_PROTOTYPES = YES;
				CLANG_WARN_SUSPICIOUS_MOVE = YES;
				CLANG_WARN_UNGUARDED_AVAILABILITY = YES_AGGRESSIVE;
				CLANG_WARN_UNREACHABLE_CODE = YES;
				CLANG_WARN__DUPLICATE_METHOD_MATCH = YES;
				CODE_SIGN_IDENTITY = "iPhone Developer";
				COPY_PHASE_STRIP = NO;
				DEBUG_INFORMATION_FORMAT = "dwarf-with-dsym";
				ENABLE_NS_ASSERTIONS = NO;
				ENABLE_STRICT_OBJC_MSGSEND = YES;
				GCC_C_LANGUAGE_STANDARD = gnu11;
				GCC_NO_COMMON_BLOCKS = YES;
				GCC_WARN_64_TO_32_BIT_CONVERSION = YES;
				GCC_WARN_ABOUT_RETURN_TYPE = YES_ERROR;
				GCC_WARN_UNDECLARED_SELECTOR = YES;
				GCC_WARN_UNINITIALIZED_AUTOS = YES_AGGRESSIVE;
				GCC_WARN_UNUSED_FUNCTION = YES;
				GCC_WARN_UNUSED_VARIABLE = YES;
				IPHONEOS_DEPLOYMENT_TARGET = 12.4;
				MTL_ENABLE_DEBUG_INFO = NO;
				MTL_FAST_MATH = YES;
				SDKROOT = iphoneos;
				VALIDATE_PRODUCT = YES;
			};
			name = Release;
		};
		8D23F84422F4288C00984FF1 /* Debug */ = {
			isa = XCBuildConfiguration;
			baseConfigurationReference = BD452C2EB088E37DD23D7380 /* Pods-OC.Tool.debug.xcconfig */;
			buildSettings = {
				ASSETCATALOG_COMPILER_APPICON_NAME = AppIcon;
				ASSETCATALOG_COMPILER_LAUNCHIMAGE_NAME = LaunchImage;
				CODE_SIGN_STYLE = Automatic;
				DEVELOPMENT_TEAM = NJDUMK3XWM;
				GCC_PRECOMPILE_PREFIX_HEADER = YES;
				GCC_PREFIX_HEADER = "/Users/xueranit/myGit/OC.Tool/OC.Tool/OC.Tool/Classes/Other-其他/PrefixHeader.pch";
				INFOPLIST_FILE = OC.Tool/Info.plist;
				LD_RUNPATH_SEARCH_PATHS = (
					"$(inherited)",
					"@executable_path/Frameworks",
				);
				PRODUCT_BUNDLE_IDENTIFIER = "com.zydlks.OC-Tool";
				PRODUCT_NAME = "$(TARGET_NAME)";
				TARGETED_DEVICE_FAMILY = 1;
			};
			name = Debug;
		};
		8D23F84522F4288C00984FF1 /* Release */ = {
			isa = XCBuildConfiguration;
			baseConfigurationReference = 37AB7C262E87D5214F47FACD /* Pods-OC.Tool.release.xcconfig */;
			buildSettings = {
				ASSETCATALOG_COMPILER_APPICON_NAME = AppIcon;
				ASSETCATALOG_COMPILER_LAUNCHIMAGE_NAME = LaunchImage;
				CODE_SIGN_STYLE = Automatic;
				DEVELOPMENT_TEAM = NJDUMK3XWM;
				GCC_PRECOMPILE_PREFIX_HEADER = YES;
				GCC_PREFIX_HEADER = "/Users/xueranit/myGit/OC.Tool/OC.Tool/OC.Tool/Classes/Other-其他/PrefixHeader.pch";
				INFOPLIST_FILE = OC.Tool/Info.plist;
				LD_RUNPATH_SEARCH_PATHS = (
					"$(inherited)",
					"@executable_path/Frameworks",
				);
				PRODUCT_BUNDLE_IDENTIFIER = "com.zydlks.OC-Tool";
				PRODUCT_NAME = "$(TARGET_NAME)";
				TARGETED_DEVICE_FAMILY = 1;
			};
			name = Release;
		};
/* End XCBuildConfiguration section */

/* Begin XCConfigurationList section */
		8D23F82822F4288B00984FF1 /* Build configuration list for PBXProject "OC.Tool" */ = {
			isa = XCConfigurationList;
			buildConfigurations = (
				8D23F84122F4288C00984FF1 /* Debug */,
				8D23F84222F4288C00984FF1 /* Release */,
			);
			defaultConfigurationIsVisible = 0;
			defaultConfigurationName = Release;
		};
		8D23F84322F4288C00984FF1 /* Build configuration list for PBXNativeTarget "OC.Tool" */ = {
			isa = XCConfigurationList;
			buildConfigurations = (
				8D23F84422F4288C00984FF1 /* Debug */,
				8D23F84522F4288C00984FF1 /* Release */,
			);
			defaultConfigurationIsVisible = 0;
			defaultConfigurationName = Release;
		};
/* End XCConfigurationList section */
	};
	rootObject = 8D23F82522F4288B00984FF1 /* Project object */;
}
